# THIS IS AN AUTOGENERATED FILE. DO NOT EDIT THIS FILE DIRECTLY.
# yarn lockfile v1


xstate@^4.6.0:
  version "4.6.0"
  resolved "https://registry.yarnpkg.com/xstate/-/xstate-4.6.0.tgz#67415832a39d6fdb4d3a2e81eda357f8184d7a50"
  integrity sha512-1bPy5an0QLUX3GiqtJB68VgBrLIotxZwpItDBO3vbakgzEY0D8UG1hsbM4MJM3BN1Y43pnac3ChmPL5s+Bca0A==
